// !$*UTF8*$!
{
	archiveVersion = 1;
	classes = {
	};
	objectVersion = 56;
	objects = {

/* Begin PBXBuildFile section */
		F820BA5129982ED9007E527C /* ani_01.json in Resources */ = {isa = PBXBuildFile; fileRef = F820BA5029982ED9007E527C /* ani_01.json */; };
		F820BA5329982EE5007E527C /* ani_02.json in Resources */ = {isa = PBXBuildFile; fileRef = F820BA5229982EE4007E527C /* ani_02.json */; };
		F820BA5529982EEB007E527C /* ani_03.json in Resources */ = {isa = PBXBuildFile; fileRef = F820BA5429982EEB007E527C /* ani_03.json */; };
		F8F56C7C29973C4C00759904 /* AppDelegate.swift in Sources */ = {isa = PBXBuildFile; fileRef = F8F56C7B29973C4C00759904 /* AppDelegate.swift */; };
		F8F56C7E29973C4C00759904 /* SceneDelegate.swift in Sources */ = {isa = PBXBuildFile; fileRef = F8F56C7D29973C4C00759904 /* SceneDelegate.swift */; };
		F8F56C8029973C4C00759904 /* ViewController.swift in Sources */ = {isa = PBXBuildFile; fileRef = F8F56C7F29973C4C00759904 /* ViewController.swift */; };
		F8F56C8329973C4C00759904 /* Main.storyboard in Resources */ = {isa = PBXBuildFile; fileRef = F8F56C8129973C4C00759904 /* Main.storyboard */; };
		F8F56C8529973C4D00759904 /* Assets.xcassets in Resources */ = {isa = PBXBuildFile; fileRef = F8F56C8429973C4D00759904 /* Assets.xcassets */; };
		F8F56C8829973C4D00759904 /* LaunchScreen.storyboard in Resources */ = {isa = PBXBuildFile; fileRef = F8F56C8629973C4D00759904 /* LaunchScreen.storyboard */; };
		F8F56C9129973CAC00759904 /* Lottie in Frameworks */ = {isa = PBXBuildFile; productRef = F8F56C9029973CAC00759904 /* Lottie */; };
		F8F56C9329973D1300759904 /* LoaderView.swift in Sources */ = {isa = PBXBuildFile; fileRef = F8F56C9229973D1300759904 /* LoaderView.swift */; };
		F8F56C9529973F9B00759904 /* fish.json in Resources */ = {isa = PBXBuildFile; fileRef = F8F56C9429973F9B00759904 /* fish.json */; };
/* End PBXBuildFile section */

/* Begin PBXFileReference section */
		F820BA5029982ED9007E527C /* ani_01.json */ = {isa = PBXFileReference; fileEncoding = 4; lastKnownFileType = text.json; path = ani_01.json; sourceTree = "<group>"; };
		F820BA5229982EE4007E527C /* ani_02.json */ = {isa = PBXFileReference; fileEncoding = 4; lastKnownFileType = text.json; path = ani_02.json; sourceTree = "<group>"; };
		F820BA5429982EEB007E527C /* ani_03.json */ = {isa = PBXFileReference; fileEncoding = 4; lastKnownFileType = text.json; path = ani_03.json; sourceTree = "<group>"; };
		F8F56C7829973C4C00759904 /* Animations.app */ = {isa = PBXFileReference; explicitFileType = wrapper.application; includeInIndex = 0; path = Animations.app; sourceTree = BUILT_PRODUCTS_DIR; };
		F8F56C7B29973C4C00759904 /* AppDelegate.swift */ = {isa = PBXFileReference; lastKnownFileType = sourcecode.swift; path = AppDelegate.swift; sourceTree = "<group>"; };
		F8F56C7D29973C4C00759904 /* SceneDelegate.swift */ = {isa = PBXFileReference; lastKnownFileType = sourcecode.swift; path = SceneDelegate.swift; sourceTree = "<group>"; };
		F8F56C7F29973C4C00759904 /* ViewController.swift */ = {isa = PBXFileReference; lastKnownFileType = sourcecode.swift; path = ViewController.swift; sourceTree = "<group>"; };
		F8F56C8229973C4C00759904 /* Base */ = {isa = PBXFileReference; lastKnownFileType = file.storyboard; name = Base; path = Base.lproj/Main.storyboard; sourceTree = "<group>"; };
		F8F56C8429973C4D00759904 /* Assets.xcassets */ = {isa = PBXFileReference; lastKnownFileType = folder.assetcatalog; path = Assets.xcassets; sourceTree = "<group>"; };
		F8F56C8729973C4D00759904 /* Base */ = {isa = PBXFileReference; lastKnownFileType = file.storyboard; name = Base; path = Base.lproj/LaunchScreen.storyboard; sourceTree = "<group>"; };
		F8F56C8929973C4D00759904 /* Info.plist */ = {isa = PBXFileReference; lastKnownFileType = text.plist.xml; path = Info.plist; sourceTree = "<group>"; };
		F8F56C9229973D1300759904 /* LoaderView.swift */ = {isa = PBXFileReference; lastKnownFileType = sourcecode.swift; path = LoaderView.swift; sourceTree = "<group>"; };
		F8F56C9429973F9B00759904 /* fish.json */ = {isa = PBXFileReference; fileEncoding = 4; lastKnownFileType = text.json; path = fish.json; sourceTree = "<group>"; };
/* End PBXFileReference section */

/* Begin PBXFrameworksBuildPhase section */
		F8F56C7529973C4C00759904 /* Frameworks */ = {
			isa = PBXFrameworksBuildPhase;
			buildActionMask = 2147483647;
			files = (
				F8F56C9129973CAC00759904 /* Lottie in Frameworks */,
			);
			runOnlyForDeploymentPostprocessing = 0;
		};
/* End PBXFrameworksBuildPhase section */

/* Begin PBXGroup section */
		F8F56C6F29973C4C00759904 = {
			isa = PBXGroup;
			children = (
				F8F56C7A29973C4C00759904 /* Animations */,
				F8F56C7929973C4C00759904 /* Products */,
			);
			sourceTree = "<group>";
		};
		F8F56C7929973C4C00759904 /* Products */ = {
			isa = PBXGroup;
			children = (
				F8F56C7829973C4C00759904 /* Animations.app */,
			);
			name = Products;
			sourceTree = "<group>";
		};
		F8F56C7A29973C4C00759904 /* Animations */ = {
			isa = PBXGroup;
			children = (
				F8F56C7B29973C4C00759904 /* AppDelegate.swift */,
				F8F56C7D29973C4C00759904 /* SceneDelegate.swift */,
				F8F56C7F29973C4C00759904 /* ViewController.swift */,
				F8F56C8129973C4C00759904 /* Main.storyboard */,
				F8F56C8429973C4D00759904 /* Assets.xcassets */,
				F8F56C8629973C4D00759904 /* LaunchScreen.storyboard */,
				F8F56C8929973C4D00759904 /* Info.plist */,
				F8F56C9229973D1300759904 /* LoaderView.swift */,
				F8F56C9429973F9B00759904 /* fish.json */,
				F820BA5029982ED9007E527C /* ani_01.json */,
				F820BA5229982EE4007E527C /* ani_02.json */,
				F820BA5429982EEB007E527C /* ani_03.json */,
			);
			path = Animations;
			sourceTree = "<group>";
		};
/* End PBXGroup section */

/* Begin PBXNativeTarget section */
		F8F56C7729973C4C00759904 /* Animations */ = {
			isa = PBXNativeTarget;
			buildConfigurationList = F8F56C8C29973C4D00759904 /* Build configuration list for PBXNativeTarget "Animations" */;
			buildPhases = (
				F8F56C7429973C4C00759904 /* Sources */,
				F8F56C7529973C4C00759904 /* Frameworks */,
				F8F56C7629973C4C00759904 /* Resources */,
			);
			buildRules = (
			);
			dependencies = (
			);
			name = Animations;
			packageProductDependencies = (
				F8F56C9029973CAC00759904 /* Lottie */,
			);
			productName = Animations;
			productReference = F8F56C7829973C4C00759904 /* Animations.app */;
			productType = "com.apple.product-type.application";
		};
/* End PBXNativeTarget section */

/* Begin PBXProject section */
		F8F56C7029973C4C00759904 /* Project object */ = {
			isa = PBXProject;
			attributes = {
				BuildIndependentTargetsInParallel = 1;
				LastSwiftUpdateCheck = 1420;
				LastUpgradeCheck = 1420;
				TargetAttributes = {
					F8F56C7729973C4C00759904 = {
						CreatedOnToolsVersion = 14.2;
					};
				};
			};
			buildConfigurationList = F8F56C7329973C4C00759904 /* Build configuration list for PBXProject "Animations" */;
			compatibilityVersion = "Xcode 14.0";
			developmentRegion = en;
			hasScannedForEncodings = 0;
			knownRegions = (
				en,
				Base,
			);
			mainGroup = F8F56C6F29973C4C00759904;
			packageReferences = (
				F8F56C8F29973CAC00759904 /* XCRemoteSwiftPackageReference "lottie-ios" */,
			);
			productRefGroup = F8F56C7929973C4C00759904 /* Products */;
			projectDirPath = "";
			projectRoot = "";
			targets = (
				F8F56C7729973C4C00759904 /* Animations */,
			);
		};
/* End PBXProject section */

/* Begin PBXResourcesBuildPhase section */
		F8F56C7629973C4C00759904 /* Resources */ = {
			isa = PBXResourcesBuildPhase;
			buildActionMask = 2147483647;
			files = (
				F820BA5529982EEB007E527C /* ani_03.json in Resources */,
				F820BA5329982EE5007E527C /* ani_02.json in Resources */,
				F8F56C8829973C4D00759904 /* LaunchScreen.storyboard in Resources */,
				F820BA5129982ED9007E527C /* ani_01.json in Resources */,
				F8F56C8529973C4D00759904 /* Assets.xcassets in Resources */,
				F8F56C8329973C4C00759904 /* Main.storyboard in Resources */,
				F8F56C9529973F9B00759904 /* fish.json in Resources */,
			);
			runOnlyForDeploymentPostprocessing = 0;
		};
/* End PBXResourcesBuildPhase section */

/* Begin PBXSourcesBuildPhase section */
		F8F56C7429973C4C00759904 /* Sources */ = {
			isa = PBXSourcesBuildPhase;
			buildActionMask = 2147483647;
			files = (
				F8F56C8029973C4C00759904 /* ViewController.swift in Sources */,
				F8F56C9329973D1300759904 /* LoaderView.swift in Sources */,
				F8F56C7C29973C4C00759904 /* AppDelegate.swift in Sources */,
				F8F56C7E29973C4C00759904 /* SceneDelegate.swift in Sources */,
			);
			runOnlyForDeploymentPostprocessing = 0;
		};
/* End PBXSourcesBuildPhase section */

/* Begin PBXVariantGroup section */
		F8F56C8129973C4C00759904 /* Main.storyboard */ = {
			isa = PBXVariantGroup;
			children = (
				F8F56C8229973C4C00759904 /* Base */,
			);
			name = Main.storyboard;
			sourceTree = "<group>";
		};
		F8F56C8629973C4D00759904 /* LaunchScreen.storyboard */ = {
			isa = PBXVariantGroup;
			children = (
				F8F56C8729973C4D00759904 /* Base */,
			);
			name = LaunchScreen.storyboard;
			sourceTree = "<group>";
		};
/* End PBXVariantGroup section */

/* Begin XCBuildConfiguration section */
		F8F56C8A29973C4D00759904 /* Debug */ = {
			isa = XCBuildConfiguration;
			buildSettings = {
				ALWAYS_SEARCH_USER_PATHS = NO;
				CLANG_ANALYZER_NONNULL = YES;
				CLANG_ANALYZER_NUMBER_OBJECT_CONVERSION = YES_AGGRESSIVE;
				CLANG_CXX_LANGUAGE_STANDARD = "gnu++20";
				CLANG_ENABLE_MODULES = YES;
				CLANG_ENABLE_OBJC_ARC = YES;
				CLANG_ENABLE_OBJC_WEAK = YES;
				CLANG_WARN_BLOCK_CAPTURE_AUTORELEASING = YES;
				CLANG_WARN_BOOL_CONVERSION = YES;
				CLANG_WARN_COMMA = YES;
				CLANG_WARN_CONSTANT_CONVERSION = YES;
				CLANG_WARN_DEPRECATED_OBJC_IMPLEMENTATIONS = YES;
				CLANG_WARN_DIRECT_OBJC_ISA_USAGE = YES_ERROR;
				CLANG_WARN_DOCUMENTATION_COMMENTS = YES;
				CLANG_WARN_EMPTY_BODY = YES;
				CLANG_WARN_ENUM_CONVERSION = YES;
				CLANG_WARN_INFINITE_RECURSION = YES;
				CLANG_WARN_INT_CONVERSION = YES;
				CLANG_WARN_NON_LITERAL_NULL_CONVERSION = YES;
				CLANG_WARN_OBJC_IMPLICIT_RETAIN_SELF = YES;
				CLANG_WARN_OBJC_LITERAL_CONVERSION = YES;
				CLANG_WARN_OBJC_ROOT_CLASS = YES_ERROR;
				CLANG_WARN_QUOTED_INCLUDE_IN_FRAMEWORK_HEADER = YES;
				CLANG_WARN_RANGE_LOOP_ANALYSIS = YES;
				CLANG_WARN_STRICT_PROTOTYPES = YES;
				CLANG_WARN_SUSPICIOUS_MOVE = YES;
				CLANG_WARN_UNGUARDED_AVAILABILITY = YES_AGGRESSIVE;
				CLANG_WARN_UNREACHABLE_CODE = YES;
				CLANG_WARN__DUPLICATE_METHOD_MATCH = YES;
				COPY_PHASE_STRIP = NO;
				DEBUG_INFORMATION_FORMAT = dwarf;
				ENABLE_STRICT_OBJC_MSGSEND = YES;
				ENABLE_TESTABILITY = YES;
				GCC_C_LANGUAGE_STANDARD = gnu11;
				GCC_DYNAMIC_NO_PIC = NO;
				GCC_NO_COMMON_BLOCKS = YES;
				GCC_OPTIMIZATION_LEVEL = 0;
				GCC_PREPROCESSOR_DEFINITIONS = (
					"DEBUG=1",
					"$(inherited)",
				);
				GCC_WARN_64_TO_32_BIT_CONVERSION = YES;
				GCC_WARN_ABOUT_RETURN_TYPE = YES_ERROR;
				GCC_WARN_UNDECLARED_SELECTOR = YES;
				GCC_WARN_UNINITIALIZED_AUTOS = YES_AGGRESSIVE;
				GCC_WARN_UNUSED_FUNCTION = YES;
				GCC_WARN_UNUSED_VARIABLE = YES;
				IPHONEOS_DEPLOYMENT_TARGET = 16.2;
				MTL_ENABLE_DEBUG_INFO = INCLUDE_SOURCE;
				MTL_FAST_MATH = YES;
				ONLY_ACTIVE_ARCH = YES;
				SDKROOT = iphoneos;
				SWIFT_ACTIVE_COMPILATION_CONDITIONS = DEBUG;
				SWIFT_OPTIMIZATION_LEVEL = "-Onone";
			};
			name = Debug;
		};
		F8F56C8B29973C4D00759904 /* Release */ = {
			isa = XCBuildConfiguration;
			buildSettings = {
				ALWAYS_SEARCH_USER_PATHS = NO;
				CLANG_ANALYZER_NONNULL = YES;
				CLANG_ANALYZER_NUMBER_OBJECT_CONVERSION = YES_AGGRESSIVE;
				CLANG_CXX_LANGUAGE_STANDARD = "gnu++20";
				CLANG_ENABLE_MODULES = YES;
				CLANG_ENABLE_OBJC_ARC = YES;
				CLANG_ENABLE_OBJC_WEAK = YES;
				CLANG_WARN_BLOCK_CAPTURE_AUTORELEASING = YES;
				CLANG_WARN_BOOL_CONVERSION = YES;
				CLANG_WARN_COMMA = YES;
				CLANG_WARN_CONSTANT_CONVERSION = YES;
				CLANG_WARN_DEPRECATED_OBJC_IMPLEMENTATIONS = YES;
				CLANG_WARN_DIRECT_OBJC_ISA_USAGE = YES_ERROR;
				CLANG_WARN_DOCUMENTATION_COMMENTS = YES;
				CLANG_WARN_EMPTY_BODY = YES;
				CLANG_WARN_ENUM_CONVERSION = YES;
				CLANG_WARN_INFINITE_RECURSION = YES;
				CLANG_WARN_INT_CONVERSION = YES;
				CLANG_WARN_NON_LITERAL_NULL_CONVERSION = YES;
				CLANG_WARN_OBJC_IMPLICIT_RETAIN_SELF = YES;
				CLANG_WARN_OBJC_LITERAL_CONVERSION = YES;
				CLANG_WARN_OBJC_ROOT_CLASS = YES_ERROR;
				CLANG_WARN_QUOTED_INCLUDE_IN_FRAMEWORK_HEADER = YES;
				CLANG_WARN_RANGE_LOOP_ANALYSIS = YES;
				CLANG_WARN_STRICT_PROTOTYPES = YES;
				CLANG_WARN_SUSPICIOUS_MOVE = YES;
				CLANG_WARN_UNGUARDED_AVAILABILITY = YES_AGGRESSIVE;
				CLANG_WARN_UNREACHABLE_CODE = YES;
				CLANG_WARN__DUPLICATE_METHOD_MATCH = YES;
				COPY_PHASE_STRIP = NO;
				DEBUG_INFORMATION_FORMAT = "dwarf-with-dsym";
				ENABLE_NS_ASSERTIONS = NO;
				ENABLE_STRICT_OBJC_MSGSEND = YES;
				GCC_C_LANGUAGE_STANDARD = gnu11;
				GCC_NO_COMMON_BLOCKS = YES;
				GCC_WARN_64_TO_32_BIT_CONVERSION = YES;
				GCC_WARN_ABOUT_RETURN_TYPE = YES_ERROR;
				GCC_WARN_UNDECLARED_SELECTOR = YES;
				GCC_WARN_UNINITIALIZED_AUTOS = YES_AGGRESSIVE;
				GCC_WARN_UNUSED_FUNCTION = YES;
				GCC_WARN_UNUSED_VARIABLE = YES;
				IPHONEOS_DEPLOYMENT_TARGET = 16.2;
				MTL_ENABLE_DEBUG_INFO = NO;
				MTL_FAST_MATH = YES;
				SDKROOT = iphoneos;
				SWIFT_COMPILATION_MODE = wholemodule;
				SWIFT_OPTIMIZATION_LEVEL = "-O";
				VALIDATE_PRODUCT = YES;
			};
			name = Release;
		};
		F8F56C8D29973C4D00759904 /* Debug */ = {
			isa = XCBuildConfiguration;
			buildSettings = {
				ASSETCATALOG_COMPILER_APPICON_NAME = AppIcon;
				ASSETCATALOG_COMPILER_GLOBAL_ACCENT_COLOR_NAME = AccentColor;
				CODE_SIGN_STYLE = Automatic;
				CURRENT_PROJECT_VERSION = 1;
				DEVELOPMENT_TEAM = CY9D5ZUS5U;
				GENERATE_INFOPLIST_FILE = YES;
				INFOPLIST_FILE = Animations/Info.plist;
				INFOPLIST_KEY_UIApplicationSupportsIndirectInputEvents = YES;
				INFOPLIST_KEY_UILaunchStoryboardName = LaunchScreen;
				INFOPLIST_KEY_UIMainStoryboardFile = Main;
				INFOPLIST_KEY_UISupportedInterfaceOrientations_iPad = "UIInterfaceOrientationPortrait UIInterfaceOrientationPortraitUpsideDown UIInterfaceOrientationLandscapeLeft UIInterfaceOrientationLandscapeRight";
				INFOPLIST_KEY_UISupportedInterfaceOrientations_iPhone = "UIInterfaceOrientationPortrait UIInterfaceOrientationLandscapeLeft UIInterfaceOrientationLandscapeRight";
				LD_RUNPATH_SEARCH_PATHS = (
					"$(inherited)",
					"@executable_path/Frameworks",
				);
				MARKETING_VERSION = 1.0;
				PRODUCT_BUNDLE_IDENTIFIER = delacuz.idelfonso.Animations;
				PRODUCT_NAME = "$(TARGET_NAME)";
				SWIFT_EMIT_LOC_STRINGS = YES;
				SWIFT_VERSION = 5.0;
				TARGETED_DEVICE_FAMILY = "1,2";
			};
			name = Debug;
		};
		F8F56C8E29973C4D00759904 /* Release */ = {
			isa = XCBuildConfiguration;
			buildSettings = {
				ASSETCATALOG_COMPILER_APPICON_NAME = AppIcon;
				ASSETCATALOG_COMPILER_GLOBAL_ACCENT_COLOR_NAME = AccentColor;
				CODE_SIGN_STYLE = Automatic;
				CURRENT_PROJECT_VERSION = 1;
				DEVELOPMENT_TEAM = CY9D5ZUS5U;
				GENERATE_INFOPLIST_FILE = YES;
				INFOPLIST_FILE = Animations/Info.plist;
				INFOPLIST_KEY_UIApplicationSupportsIndirectInputEvents = YES;
				INFOPLIST_KEY_UILaunchStoryboardName = LaunchScreen;
				INFOPLIST_KEY_UIMainStoryboardFile = Main;
				INFOPLIST_KEY_UISupportedInterfaceOrientations_iPad = "UIInterfaceOrientationPortrait UIInterfaceOrientationPortraitUpsideDown UIInterfaceOrientationLandscapeLeft UIInterfaceOrientationLandscapeRight";
				INFOPLIST_KEY_UISupportedInterfaceOrientations_iPhone = "UIInterfaceOrientationPortrait UIInterfaceOrientationLandscapeLeft UIInterfaceOrientationLandscapeRight";
				LD_RUNPATH_SEARCH_PATHS = (
					"$(inherited)",
					"@executable_path/Frameworks",
				);
				MARKETING_VERSION = 1.0;
				PRODUCT_BUNDLE_IDENTIFIER = delacuz.idelfonso.Animations;
				PRODUCT_NAME = "$(TARGET_NAME)";
				SWIFT_EMIT_LOC_STRINGS = YES;
				SWIFT_VERSION = 5.0;
				TARGETED_DEVICE_FAMILY = "1,2";
			};
			name = Release;
		};
/* End XCBuildConfiguration section */

/* Begin XCConfigurationList section */
		F8F56C7329973C4C00759904 /* Build configuration list for PBXProject "Animations" */ = {
			isa = XCConfigurationList;
			buildConfigurations = (
				F8F56C8A29973C4D00759904 /* Debug */,
				F8F56C8B29973C4D00759904 /* Release */,
			);
			defaultConfigurationIsVisible = 0;
			defaultConfigurationName = Release;
		};
		F8F56C8C29973C4D00759904 /* Build configuration list for PBXNativeTarget "Animations" */ = {
			isa = XCConfigurationList;
			buildConfigurations = (
				F8F56C8D29973C4D00759904 /* Debug */,
				F8F56C8E29973C4D00759904 /* Release */,
			);
			defaultConfigurationIsVisible = 0;
			defaultConfigurationName = Release;
		};
/* End XCConfigurationList section */

/* Begin XCRemoteSwiftPackageReference section */
		F8F56C8F29973CAC00759904 /* XCRemoteSwiftPackageReference "lottie-ios" */ = {
			isa = XCRemoteSwiftPackageReference;
			repositoryURL = "https://github.com/airbnb/lottie-ios.git";
			requirement = {
				kind = upToNextMajorVersion;
				minimumVersion = 4.0.0;
			};
		};
/* End XCRemoteSwiftPackageReference section */

/* Begin XCSwiftPackageProductDependency section */
		F8F56C9029973CAC00759904 /* Lottie */ = {
			isa = XCSwiftPackageProductDependency;
			package = F8F56C8F29973CAC00759904 /* XCRemoteSwiftPackageReference "lottie-ios" */;
			productName = Lottie;
		};
/* End XCSwiftPackageProductDependency section */
	};
	rootObject = F8F56C7029973C4C00759904 /* Project object */;
}
